github.com/chasefleming/elem-go v0.25.0 h1:LYzr1auk39Bh3bdKloArOFV7sOBnOfSOKxsg58eWL0Q=
github.com/chasefleming/elem-go v0.25.0/go.mod h1:hz73qILBIKnTgOujnSMtEj20/epI+f6vg71RUilJAA4=
github.com/mattn/go-sqlite3 v1.14.22 h1:2gZY6PC6kBnID23Tichd1K+Z0oS6nE/XwU+Vz/5o4kU=
github.com/mattn/go-sqlite3 v1.14.22/go.mod h1:Uh1q+B4BYcTPb+yiD3kU8Ct7aC0hY9fxUwlHK0RXw+Y=
